
Microsoft Visual Studio Solution File, Format Version 12.00
# Visual Studio 14
VisualStudioVersion = 14.0.25420.1
MinimumVisualStudioVersion = 10.0.40219.1
Project("{FAE04EC0-301F-11D3-BF4B-00C04F79EFBC}") = "VerificentrosFormatos", "VerificentrosFormatos\VerificentrosFormatos.csproj", "{A0659F6A-4FB3-4BD2-ABC1-8CEC6800C920}"
EndProject
Project("{FAE04EC0-301F-11D3-BF4B-00C04F79EFBC}") = "VerificentrosFormatos.Data", "VerificentrosFormatos.Data\VerificentrosFormatos.Data.csproj", "{402147CF-E832-40D1-A828-C8D9F2DF0B9C}"
EndProject
Project("{2150E333-8FDC-42A3-9474-1A3956D46DE8}") = "FrontEnd", "FrontEnd", "{78EC8475-EDA0-450A-9E6D-3D21CFCCB480}"
EndProject
Project("{2150E333-8FDC-42A3-9474-1A3956D46DE8}") = "Data", "Data", "{CA10C2B8-BC28-47E1-8AFA-FD11CADB6024}"
EndProject
Project("{2150E333-8FDC-42A3-9474-1A3956D46DE8}") = "Bussiness", "Bussiness", "{E41F2450-283C-4B7B-9CB2-466DF6158C23}"
EndProject
Project("{FAE04EC0-301F-11D3-BF4B-00C04F79EFBC}") = "VerificentrosFormatos.Bussiness", "VerificentrosFormatos.Bussiness\VerificentrosFormatos.Bussiness.csproj", "{D9343C4D-0204-4B91-B8BF-4213D8AAF224}"
EndProject
Global
	GlobalSection(SolutionConfigurationPlatforms) = preSolution
		Debug|Any CPU = Debug|Any CPU
		DebugLocal|Any CPU = DebugLocal|Any CPU
		Release|Any CPU = Release|Any CPU
	EndGlobalSection
	GlobalSection(ProjectConfigurationPlatforms) = postSolution
		{A0659F6A-4FB3-4BD2-ABC1-8CEC6800C920}.Debug|Any CPU.ActiveCfg = Debug|Any CPU
		{A0659F6A-4FB3-4BD2-ABC1-8CEC6800C920}.Debug|Any CPU.Build.0 = Debug|Any CPU
		{A0659F6A-4FB3-4BD2-ABC1-8CEC6800C920}.DebugLocal|Any CPU.ActiveCfg = Debug|Any CPU
		{A0659F6A-4FB3-4BD2-ABC1-8CEC6800C920}.DebugLocal|Any CPU.Build.0 = Debug|Any CPU
		{A0659F6A-4FB3-4BD2-ABC1-8CEC6800C920}.Release|Any CPU.ActiveCfg = Release|Any CPU
		{A0659F6A-4FB3-4BD2-ABC1-8CEC6800C920}.Release|Any CPU.Build.0 = Release|Any CPU
		{402147CF-E832-40D1-A828-C8D9F2DF0B9C}.Debug|Any CPU.ActiveCfg = Debug|Any CPU
		{402147CF-E832-40D1-A828-C8D9F2DF0B9C}.Debug|Any CPU.Build.0 = Debug|Any CPU
		{402147CF-E832-40D1-A828-C8D9F2DF0B9C}.DebugLocal|Any CPU.ActiveCfg = Debug|Any CPU
		{402147CF-E832-40D1-A828-C8D9F2DF0B9C}.DebugLocal|Any CPU.Build.0 = Debug|Any CPU
		{402147CF-E832-40D1-A828-C8D9F2DF0B9C}.Release|Any CPU.ActiveCfg = Release|Any CPU
		{402147CF-E832-40D1-A828-C8D9F2DF0B9C}.Release|Any CPU.Build.0 = Release|Any CPU
		{D9343C4D-0204-4B91-B8BF-4213D8AAF224}.Debug|Any CPU.ActiveCfg = Debug|Any CPU
		{D9343C4D-0204-4B91-B8BF-4213D8AAF224}.Debug|Any CPU.Build.0 = Debug|Any CPU
		{D9343C4D-0204-4B91-B8BF-4213D8AAF224}.DebugLocal|Any CPU.ActiveCfg = Debug|Any CPU
		{D9343C4D-0204-4B91-B8BF-4213D8AAF224}.DebugLocal|Any CPU.Build.0 = Debug|Any CPU
		{D9343C4D-0204-4B91-B8BF-4213D8AAF224}.Release|Any CPU.ActiveCfg = Release|Any CPU
		{D9343C4D-0204-4B91-B8BF-4213D8AAF224}.Release|Any CPU.Build.0 = Release|Any CPU
	EndGlobalSection
	GlobalSection(SolutionProperties) = preSolution
		HideSolutionNode = FALSE
	EndGlobalSection
	GlobalSection(NestedProjects) = preSolution
		{A0659F6A-4FB3-4BD2-ABC1-8CEC6800C920} = {78EC8475-EDA0-450A-9E6D-3D21CFCCB480}
		{402147CF-E832-40D1-A828-C8D9F2DF0B9C} = {CA10C2B8-BC28-47E1-8AFA-FD11CADB6024}
		{D9343C4D-0204-4B91-B8BF-4213D8AAF224} = {E41F2450-283C-4B7B-9CB2-466DF6158C23}
	EndGlobalSection
EndGlobal
